
Microsoft Visual Studio Solution File, Format Version 12.00
# Visual Studio Version 17
VisualStudioVersion = 17.14.36212.18
MinimumVisualStudioVersion = 10.0.40219.1
Project("{FAE04EC0-301F-11D3-BF4B-00C04F79EFBC}") = "TDRevision", "TDRevision\TDRevision.csproj", "{E8352A83-13F5-40D1-AABC-9326D8AADE83}"
EndProject
Project("{FAE04EC0-301F-11D3-BF4B-00C04F79EFBC}") = "TDRevisionTests", "TDRevisionTests\TDRevisionTests.csproj", "{F3E5AC7C-C5A6-43A4-BB65-6130220F79CD}"
EndProject
Project("{FAE04EC0-301F-11D3-BF4B-00C04F79EFBC}") = "Front", "Front\Front.csproj", "{B3C2C1C8-943E-403C-9AE9-3B6791D8EC4B}"
EndProject
Project("{FAE04EC0-301F-11D3-BF4B-00C04F79EFBC}") = "FrontTest", "FrontTest\FrontTest.csproj", "{4EAB434E-2EC5-4CF6-82C4-F05967498329}"
EndProject
Global
	GlobalSection(SolutionConfigurationPlatforms) = preSolution
		Debug|Any CPU = Debug|Any CPU
		Release|Any CPU = Release|Any CPU
	EndGlobalSection
	GlobalSection(ProjectConfigurationPlatforms) = postSolution
		{E8352A83-13F5-40D1-AABC-9326D8AADE83}.Debug|Any CPU.ActiveCfg = Debug|Any CPU
		{E8352A83-13F5-40D1-AABC-9326D8AADE83}.Debug|Any CPU.Build.0 = Debug|Any CPU
		{E8352A83-13F5-40D1-AABC-9326D8AADE83}.Release|Any CPU.ActiveCfg = Release|Any CPU
		{E8352A83-13F5-40D1-AABC-9326D8AADE83}.Release|Any CPU.Build.0 = Release|Any CPU
		{F3E5AC7C-C5A6-43A4-BB65-6130220F79CD}.Debug|Any CPU.ActiveCfg = Debug|Any CPU
		{F3E5AC7C-C5A6-43A4-BB65-6130220F79CD}.Debug|Any CPU.Build.0 = Debug|Any CPU
		{F3E5AC7C-C5A6-43A4-BB65-6130220F79CD}.Release|Any CPU.ActiveCfg = Release|Any CPU
		{F3E5AC7C-C5A6-43A4-BB65-6130220F79CD}.Release|Any CPU.Build.0 = Release|Any CPU
		{B3C2C1C8-943E-403C-9AE9-3B6791D8EC4B}.Debug|Any CPU.ActiveCfg = Debug|Any CPU
		{B3C2C1C8-943E-403C-9AE9-3B6791D8EC4B}.Debug|Any CPU.Build.0 = Debug|Any CPU
		{B3C2C1C8-943E-403C-9AE9-3B6791D8EC4B}.Release|Any CPU.ActiveCfg = Release|Any CPU
		{B3C2C1C8-943E-403C-9AE9-3B6791D8EC4B}.Release|Any CPU.Build.0 = Release|Any CPU
		{4EAB434E-2EC5-4CF6-82C4-F05967498329}.Debug|Any CPU.ActiveCfg = Debug|Any CPU
		{4EAB434E-2EC5-4CF6-82C4-F05967498329}.Debug|Any CPU.Build.0 = Debug|Any CPU
		{4EAB434E-2EC5-4CF6-82C4-F05967498329}.Release|Any CPU.ActiveCfg = Release|Any CPU
		{4EAB434E-2EC5-4CF6-82C4-F05967498329}.Release|Any CPU.Build.0 = Release|Any CPU
	EndGlobalSection
	GlobalSection(SolutionProperties) = preSolution
		HideSolutionNode = FALSE
	EndGlobalSection
	GlobalSection(ExtensibilityGlobals) = postSolution
		SolutionGuid = {CE2B3485-D830-49E9-B474-54777A4DE90E}
	EndGlobalSection
EndGlobal
